{
	"name": "@ignt/vue",
	"version": "0.1.0",
	"lockfileVersion": 2,
	"requires": true,
	"packages": {
		"": {
			"name": "@ignt/vue",
			"version": "0.1.0",
			"license": "Apache-2.0",
			"dependencies": {
				"@vue/composition-api": "^1.4.9",
				"pinia": "^2.0.11"
			},
			"peerDependencies": {
				"pinia": "^2.0.11"
			}
		},
		"node_modules/@vue/composition-api": {
			"version": "1.4.9",
			"resolved": "https://registry.npmjs.org/@vue/composition-api/-/composition-api-1.4.9.tgz",
			"integrity": "sha512-l6YOeg5LEXmfPqyxAnBaCv1FMRw0OGKJ4m6nOWRm6ngt5TuHcj5ZoBRN+LXh3J0u6Ur3C4VA+RiKT+M0eItr/g==",
			"peerDependencies": {
				"vue": ">= 2.5 < 3"
			}
		},
		"node_modules/@vue/devtools-api": {
			"version": "6.1.3",
			"resolved": "https://registry.npmjs.org/@vue/devtools-api/-/devtools-api-6.1.3.tgz",
			"integrity": "sha512-79InfO2xHv+WHIrH1bHXQUiQD/wMls9qBk6WVwGCbdwP7/3zINtvqPNMtmSHXsIKjvUAHc8L0ouOj6ZQQRmcXg=="
		},
		"node_modules/pinia": {
			"version": "2.0.12",
			"resolved": "https://registry.npmjs.org/pinia/-/pinia-2.0.12.tgz",
			"integrity": "sha512-tUeuYGFrLU5irmGyRAIxp35q1OTcZ8sKpGT4XkPeVcG35W4R6cfXDbCGexzmVqH5lTQJJTXXbNGutIu9yS5yew==",
			"dependencies": {
				"@vue/devtools-api": "^6.1.0",
				"vue-demi": "*"
			},
			"funding": {
				"url": "https://github.com/sponsors/posva"
			},
			"peerDependencies": {
				"@vue/composition-api": "^1.4.0",
				"typescript": ">=4.4.4",
				"vue": "^2.6.14 || ^3.2.0"
			},
			"peerDependenciesMeta": {
				"@vue/composition-api": {
					"optional": true
				},
				"typescript": {
					"optional": true
				}
			}
		},
		"node_modules/vue": {
			"version": "2.6.14",
			"resolved": "https://registry.npmjs.org/vue/-/vue-2.6.14.tgz",
			"integrity": "sha512-x2284lgYvjOMj3Za7kqzRcUSxBboHqtgRE2zlos1qWaOye5yUmHn42LB1250NJBLRwEcdrB0JRwyPTEPhfQjiQ==",
			"peer": true
		},
		"node_modules/vue-demi": {
			"version": "0.12.4",
			"resolved": "https://registry.npmjs.org/vue-demi/-/vue-demi-0.12.4.tgz",
			"integrity": "sha512-ztPDkFt0TSUdoq1ZI6oD730vgztBkiByhUW7L1cOTebiSBqSYfSQgnhYakYigBkyAybqCTH7h44yZuDJf2xILQ==",
			"hasInstallScript": true,
			"bin": {
				"vue-demi-fix": "bin/vue-demi-fix.js",
				"vue-demi-switch": "bin/vue-demi-switch.js"
			},
			"engines": {
				"node": ">=12"
			},
			"funding": {
				"url": "https://github.com/sponsors/antfu"
			},
			"peerDependencies": {
				"@vue/composition-api": "^1.0.0-rc.1",
				"vue": "^3.0.0-0 || ^2.6.0"
			},
			"peerDependenciesMeta": {
				"@vue/composition-api": {
					"optional": true
				}
			}
		}
	},
	"dependencies": {
		"@vue/composition-api": {
			"version": "1.4.9",
			"resolved": "https://registry.npmjs.org/@vue/composition-api/-/composition-api-1.4.9.tgz",
			"integrity": "sha512-l6YOeg5LEXmfPqyxAnBaCv1FMRw0OGKJ4m6nOWRm6ngt5TuHcj5ZoBRN+LXh3J0u6Ur3C4VA+RiKT+M0eItr/g==",
			"requires": {}
		},
		"@vue/devtools-api": {
			"version": "6.1.3",
			"resolved": "https://registry.npmjs.org/@vue/devtools-api/-/devtools-api-6.1.3.tgz",
			"integrity": "sha512-79InfO2xHv+WHIrH1bHXQUiQD/wMls9qBk6WVwGCbdwP7/3zINtvqPNMtmSHXsIKjvUAHc8L0ouOj6ZQQRmcXg=="
		},
		"pinia": {
			"version": "2.0.12",
			"resolved": "https://registry.npmjs.org/pinia/-/pinia-2.0.12.tgz",
			"integrity": "sha512-tUeuYGFrLU5irmGyRAIxp35q1OTcZ8sKpGT4XkPeVcG35W4R6cfXDbCGexzmVqH5lTQJJTXXbNGutIu9yS5yew==",
			"requires": {
				"@vue/devtools-api": "^6.1.0",
				"vue-demi": "*"
			}
		},
		"vue": {
			"version": "2.6.14",
			"resolved": "https://registry.npmjs.org/vue/-/vue-2.6.14.tgz",
			"integrity": "sha512-x2284lgYvjOMj3Za7kqzRcUSxBboHqtgRE2zlos1qWaOye5yUmHn42LB1250NJBLRwEcdrB0JRwyPTEPhfQjiQ==",
			"peer": true
		},
		"vue-demi": {
			"version": "0.12.4",
			"resolved": "https://registry.npmjs.org/vue-demi/-/vue-demi-0.12.4.tgz",
			"integrity": "sha512-ztPDkFt0TSUdoq1ZI6oD730vgztBkiByhUW7L1cOTebiSBqSYfSQgnhYakYigBkyAybqCTH7h44yZuDJf2xILQ==",
			"requires": {}
		}
	}
}
